
Microsoft Visual Studio Solution File, Format Version 12.00
# Visual Studio Version 16
VisualStudioVersion = 16.0.29519.181
MinimumVisualStudioVersion = 10.0.40219.1
Project("{FAE04EC0-301F-11D3-BF4B-00C04F79EFBC}") = "Daugybos lentele", "Daugybos lentele\Daugybos lentele.csproj", "{D9E2C187-93E5-4073-A5F9-23EEFA9A7C58}"
EndProject
Global
	GlobalSection(SolutionConfigurationPlatforms) = preSolution
		Debug|Any CPU = Debug|Any CPU
		Release|Any CPU = Release|Any CPU
	EndGlobalSection
	GlobalSection(ProjectConfigurationPlatforms) = postSolution
		{D9E2C187-93E5-4073-A5F9-23EEFA9A7C58}.Debug|Any CPU.ActiveCfg = Debug|Any CPU
		{D9E2C187-93E5-4073-A5F9-23EEFA9A7C58}.Debug|Any CPU.Build.0 = Debug|Any CPU
		{D9E2C187-93E5-4073-A5F9-23EEFA9A7C58}.Release|Any CPU.ActiveCfg = Release|Any CPU
		{D9E2C187-93E5-4073-A5F9-23EEFA9A7C58}.Release|Any CPU.Build.0 = Release|Any CPU
	EndGlobalSection
	GlobalSection(SolutionProperties) = preSolution
		HideSolutionNode = FALSE
	EndGlobalSection
	GlobalSection(ExtensibilityGlobals) = postSolution
		SolutionGuid = {44F99483-E8FD-409F-A5B2-8D23F6396793}
	EndGlobalSection
EndGlobal
