
Microsoft Visual Studio Solution File, Format Version 12.00
# Visual Studio Version 16
VisualStudioVersion = 16.0.29519.181
MinimumVisualStudioVersion = 10.0.40219.1
Project("{FAE04EC0-301F-11D3-BF4B-00C04F79EFBC}") = "3blynas", "3blynas\3blynas.csproj", "{7C08FE01-1EFB-43BD-8729-3EC764ECA4F6}"
EndProject
Global
	GlobalSection(SolutionConfigurationPlatforms) = preSolution
		Debug|Any CPU = Debug|Any CPU
		Release|Any CPU = Release|Any CPU
	EndGlobalSection
	GlobalSection(ProjectConfigurationPlatforms) = postSolution
		{7C08FE01-1EFB-43BD-8729-3EC764ECA4F6}.Debug|Any CPU.ActiveCfg = Debug|Any CPU
		{7C08FE01-1EFB-43BD-8729-3EC764ECA4F6}.Debug|Any CPU.Build.0 = Debug|Any CPU
		{7C08FE01-1EFB-43BD-8729-3EC764ECA4F6}.Release|Any CPU.ActiveCfg = Release|Any CPU
		{7C08FE01-1EFB-43BD-8729-3EC764ECA4F6}.Release|Any CPU.Build.0 = Release|Any CPU
	EndGlobalSection
	GlobalSection(SolutionProperties) = preSolution
		HideSolutionNode = FALSE
	EndGlobalSection
	GlobalSection(ExtensibilityGlobals) = postSolution
		SolutionGuid = {49B86BC7-9ABE-44E9-B1DF-264C39EBED43}
	EndGlobalSection
EndGlobal
