
Microsoft Visual Studio Solution File, Format Version 12.00
# Visual Studio Version 16
VisualStudioVersion = 16.0.29519.181
MinimumVisualStudioVersion = 10.0.40219.1
Project("{F184B08F-C81C-45F6-A57F-5ABD9991F28F}") = "1blynas", "1blynas\1blynas.vbproj", "{E49F7ACC-D54C-404B-95CA-23A80D4F5232}"
EndProject
Global
	GlobalSection(SolutionConfigurationPlatforms) = preSolution
		Debug|Any CPU = Debug|Any CPU
		Release|Any CPU = Release|Any CPU
	EndGlobalSection
	GlobalSection(ProjectConfigurationPlatforms) = postSolution
		{E49F7ACC-D54C-404B-95CA-23A80D4F5232}.Debug|Any CPU.ActiveCfg = Debug|Any CPU
		{E49F7ACC-D54C-404B-95CA-23A80D4F5232}.Debug|Any CPU.Build.0 = Debug|Any CPU
		{E49F7ACC-D54C-404B-95CA-23A80D4F5232}.Release|Any CPU.ActiveCfg = Release|Any CPU
		{E49F7ACC-D54C-404B-95CA-23A80D4F5232}.Release|Any CPU.Build.0 = Release|Any CPU
	EndGlobalSection
	GlobalSection(SolutionProperties) = preSolution
		HideSolutionNode = FALSE
	EndGlobalSection
	GlobalSection(ExtensibilityGlobals) = postSolution
		SolutionGuid = {9A5141A2-CDD5-4DCF-AA1D-07D1BB6C899C}
	EndGlobalSection
EndGlobal
